// !$*UTF8*$!
{
	archiveVersion = 1;
	classes = {
	};
	objectVersion = 51;
	objects = {

/* Begin PBXBuildFile section */
		2F14D8B09121F471B0E06D10 /* Pods_CinemagicTests.framework in Frameworks */ = {isa = PBXBuildFile; fileRef = 5BF252959CBDDC4CFAEFF092 /* Pods_CinemagicTests.framework */; };
		4A60A70B253B3236000D62C5 /* MovieServiceProtocol.swift in Sources */ = {isa = PBXBuildFile; fileRef = 4A60A70A253B3236000D62C5 /* MovieServiceProtocol.swift */; };
		4A60A737253B9214000D62C5 /* Constants.swift in Sources */ = {isa = PBXBuildFile; fileRef = 4A60A736253B9214000D62C5 /* Constants.swift */; };
		4A6486B225384EAA00C175C1 /* Resources.swift in Sources */ = {isa = PBXBuildFile; fileRef = 4A6486B125384EAA00C175C1 /* Resources.swift */; };
		4A6486ED2538667C00C175C1 /* ActivityIndicator.swift in Sources */ = {isa = PBXBuildFile; fileRef = 4A6486EC2538667C00C175C1 /* ActivityIndicator.swift */; };
		4A6486F2253867F900C175C1 /* MessageBanner.swift in Sources */ = {isa = PBXBuildFile; fileRef = 4A6486F1253867F900C175C1 /* MessageBanner.swift */; };
		4A6552CC2539584B00694786 /* MovieDetailsViewModel.swift in Sources */ = {isa = PBXBuildFile; fileRef = 4A6552CB2539584B00694786 /* MovieDetailsViewModel.swift */; };
		4A9C1ABD2535C8750079BEC0 /* AppDelegate.swift in Sources */ = {isa = PBXBuildFile; fileRef = 4A9C1ABC2535C8750079BEC0 /* AppDelegate.swift */; };
		4A9C1ABF2535C8750079BEC0 /* SceneDelegate.swift in Sources */ = {isa = PBXBuildFile; fileRef = 4A9C1ABE2535C8750079BEC0 /* SceneDelegate.swift */; };
		4A9C1AC62535C8780079BEC0 /* Assets.xcassets in Resources */ = {isa = PBXBuildFile; fileRef = 4A9C1AC52535C8780079BEC0 /* Assets.xcassets */; };
		4A9C1AC92535C8780079BEC0 /* LaunchScreen.storyboard in Resources */ = {isa = PBXBuildFile; fileRef = 4A9C1AC72535C8780079BEC0 /* LaunchScreen.storyboard */; };
		4A9C1AD42535C8780079BEC0 /* CinemagicTests.swift in Sources */ = {isa = PBXBuildFile; fileRef = 4A9C1AD32535C8780079BEC0 /* CinemagicTests.swift */; };
		4A9C1ADF2535C8780079BEC0 /* CinemagicUITests.swift in Sources */ = {isa = PBXBuildFile; fileRef = 4A9C1ADE2535C8780079BEC0 /* CinemagicUITests.swift */; };
		4A9C1B032535CC880079BEC0 /* MoviesListViewController.swift in Sources */ = {isa = PBXBuildFile; fileRef = 4A9C1B022535CC880079BEC0 /* MoviesListViewController.swift */; };
		4A9C1B082535CD7D0079BEC0 /* Movie.swift in Sources */ = {isa = PBXBuildFile; fileRef = 4A9C1B072535CD7D0079BEC0 /* Movie.swift */; };
		4A9C1B0F2535D39F0079BEC0 /* MoviesListViewModel.swift in Sources */ = {isa = PBXBuildFile; fileRef = 4A9C1B0E2535D39F0079BEC0 /* MoviesListViewModel.swift */; };
		4A9C1B152535DD6F0079BEC0 /* MovieService.swift in Sources */ = {isa = PBXBuildFile; fileRef = 4A9C1B142535DD6E0079BEC0 /* MovieService.swift */; };
		4A9C1B1B2535F9220079BEC0 /* MovieCollectionViewCell.swift in Sources */ = {isa = PBXBuildFile; fileRef = 4A9C1B1A2535F9220079BEC0 /* MovieCollectionViewCell.swift */; };
		4A9C1B23253602560079BEC0 /* MovieDetailsViewController.swift in Sources */ = {isa = PBXBuildFile; fileRef = 4A9C1B22253602560079BEC0 /* MovieDetailsViewController.swift */; };
		4A9C1B292536065B0079BEC0 /* Extentions.swift in Sources */ = {isa = PBXBuildFile; fileRef = 4A9C1B282536065B0079BEC0 /* Extentions.swift */; };
		4A9C1B31253638620079BEC0 /* WebViewController.swift in Sources */ = {isa = PBXBuildFile; fileRef = 4A9C1B30253638620079BEC0 /* WebViewController.swift */; };
		560607DB6D4904BF3C4A4B31 /* Pods_Cinemagic.framework in Frameworks */ = {isa = PBXBuildFile; fileRef = 0A233F35C57585B086229FF0 /* Pods_Cinemagic.framework */; };
/* End PBXBuildFile section */

/* Begin PBXContainerItemProxy section */
		4A9C1AD02535C8780079BEC0 /* PBXContainerItemProxy */ = {
			isa = PBXContainerItemProxy;
			containerPortal = 4A9C1AB12535C8740079BEC0 /* Project object */;
			proxyType = 1;
			remoteGlobalIDString = 4A9C1AB82535C8740079BEC0;
			remoteInfo = Cinemagic;
		};
		4A9C1ADB2535C8780079BEC0 /* PBXContainerItemProxy */ = {
			isa = PBXContainerItemProxy;
			containerPortal = 4A9C1AB12535C8740079BEC0 /* Project object */;
			proxyType = 1;
			remoteGlobalIDString = 4A9C1AB82535C8740079BEC0;
			remoteInfo = Cinemagic;
		};
/* End PBXContainerItemProxy section */

/* Begin PBXFileReference section */
		0A233F35C57585B086229FF0 /* Pods_Cinemagic.framework */ = {isa = PBXFileReference; explicitFileType = wrapper.framework; includeInIndex = 0; path = Pods_Cinemagic.framework; sourceTree = BUILT_PRODUCTS_DIR; };
		3F11604B04A4A9C7D5AAAED7 /* Pods-CinemagicTests.debug.xcconfig */ = {isa = PBXFileReference; includeInIndex = 1; lastKnownFileType = text.xcconfig; name = "Pods-CinemagicTests.debug.xcconfig"; path = "Target Support Files/Pods-CinemagicTests/Pods-CinemagicTests.debug.xcconfig"; sourceTree = "<group>"; };
		4A60A5C2253B0FBA000D62C5 /* RxTest.framework */ = {isa = PBXFileReference; explicitFileType = wrapper.framework; path = RxTest.framework; sourceTree = BUILT_PRODUCTS_DIR; };
		4A60A70A253B3236000D62C5 /* MovieServiceProtocol.swift */ = {isa = PBXFileReference; lastKnownFileType = sourcecode.swift; path = MovieServiceProtocol.swift; sourceTree = "<group>"; };
		4A60A736253B9214000D62C5 /* Constants.swift */ = {isa = PBXFileReference; lastKnownFileType = sourcecode.swift; path = Constants.swift; sourceTree = "<group>"; };
		4A6486B125384EAA00C175C1 /* Resources.swift */ = {isa = PBXFileReference; lastKnownFileType = sourcecode.swift; path = Resources.swift; sourceTree = "<group>"; };
		4A6486EC2538667C00C175C1 /* ActivityIndicator.swift */ = {isa = PBXFileReference; lastKnownFileType = sourcecode.swift; path = ActivityIndicator.swift; sourceTree = "<group>"; };
		4A6486F1253867F900C175C1 /* MessageBanner.swift */ = {isa = PBXFileReference; lastKnownFileType = sourcecode.swift; path = MessageBanner.swift; sourceTree = "<group>"; };
		4A6552CB2539584B00694786 /* MovieDetailsViewModel.swift */ = {isa = PBXFileReference; lastKnownFileType = sourcecode.swift; path = MovieDetailsViewModel.swift; sourceTree = "<group>"; };
		4A9C1AB92535C8740079BEC0 /* Cinemagic.app */ = {isa = PBXFileReference; explicitFileType = wrapper.application; includeInIndex = 0; path = Cinemagic.app; sourceTree = BUILT_PRODUCTS_DIR; };
		4A9C1ABC2535C8750079BEC0 /* AppDelegate.swift */ = {isa = PBXFileReference; lastKnownFileType = sourcecode.swift; path = AppDelegate.swift; sourceTree = "<group>"; };
		4A9C1ABE2535C8750079BEC0 /* SceneDelegate.swift */ = {isa = PBXFileReference; lastKnownFileType = sourcecode.swift; path = SceneDelegate.swift; sourceTree = "<group>"; };
		4A9C1AC52535C8780079BEC0 /* Assets.xcassets */ = {isa = PBXFileReference; lastKnownFileType = folder.assetcatalog; path = Assets.xcassets; sourceTree = "<group>"; };
		4A9C1AC82535C8780079BEC0 /* Base */ = {isa = PBXFileReference; lastKnownFileType = file.storyboard; name = Base; path = Base.lproj/LaunchScreen.storyboard; sourceTree = "<group>"; };
		4A9C1ACA2535C8780079BEC0 /* Info.plist */ = {isa = PBXFileReference; lastKnownFileType = text.plist.xml; path = Info.plist; sourceTree = "<group>"; };
		4A9C1ACF2535C8780079BEC0 /* CinemagicTests.xctest */ = {isa = PBXFileReference; explicitFileType = wrapper.cfbundle; includeInIndex = 0; path = CinemagicTests.xctest; sourceTree = BUILT_PRODUCTS_DIR; };
		4A9C1AD32535C8780079BEC0 /* CinemagicTests.swift */ = {isa = PBXFileReference; lastKnownFileType = sourcecode.swift; path = CinemagicTests.swift; sourceTree = "<group>"; };
		4A9C1AD52535C8780079BEC0 /* Info.plist */ = {isa = PBXFileReference; lastKnownFileType = text.plist.xml; path = Info.plist; sourceTree = "<group>"; };
		4A9C1ADA2535C8780079BEC0 /* CinemagicUITests.xctest */ = {isa = PBXFileReference; explicitFileType = wrapper.cfbundle; includeInIndex = 0; path = CinemagicUITests.xctest; sourceTree = BUILT_PRODUCTS_DIR; };
		4A9C1ADE2535C8780079BEC0 /* CinemagicUITests.swift */ = {isa = PBXFileReference; lastKnownFileType = sourcecode.swift; path = CinemagicUITests.swift; sourceTree = "<group>"; };
		4A9C1AE02535C8780079BEC0 /* Info.plist */ = {isa = PBXFileReference; lastKnownFileType = text.plist.xml; path = Info.plist; sourceTree = "<group>"; };
		4A9C1B022535CC880079BEC0 /* MoviesListViewController.swift */ = {isa = PBXFileReference; lastKnownFileType = sourcecode.swift; path = MoviesListViewController.swift; sourceTree = "<group>"; };
		4A9C1B072535CD7D0079BEC0 /* Movie.swift */ = {isa = PBXFileReference; lastKnownFileType = sourcecode.swift; path = Movie.swift; sourceTree = "<group>"; };
		4A9C1B0E2535D39F0079BEC0 /* MoviesListViewModel.swift */ = {isa = PBXFileReference; lastKnownFileType = sourcecode.swift; path = MoviesListViewModel.swift; sourceTree = "<group>"; };
		4A9C1B142535DD6E0079BEC0 /* MovieService.swift */ = {isa = PBXFileReference; lastKnownFileType = sourcecode.swift; path = MovieService.swift; sourceTree = "<group>"; };
		4A9C1B1A2535F9220079BEC0 /* MovieCollectionViewCell.swift */ = {isa = PBXFileReference; lastKnownFileType = sourcecode.swift; path = MovieCollectionViewCell.swift; sourceTree = "<group>"; };
		4A9C1B22253602560079BEC0 /* MovieDetailsViewController.swift */ = {isa = PBXFileReference; lastKnownFileType = sourcecode.swift; path = MovieDetailsViewController.swift; sourceTree = "<group>"; };
		4A9C1B282536065B0079BEC0 /* Extentions.swift */ = {isa = PBXFileReference; lastKnownFileType = sourcecode.swift; path = Extentions.swift; sourceTree = "<group>"; };
		4A9C1B30253638620079BEC0 /* WebViewController.swift */ = {isa = PBXFileReference; lastKnownFileType = sourcecode.swift; path = WebViewController.swift; sourceTree = "<group>"; };
		4CD41162E5E55300695A1FDB /* Pods-Cinemagic.debug.xcconfig */ = {isa = PBXFileReference; includeInIndex = 1; lastKnownFileType = text.xcconfig; name = "Pods-Cinemagic.debug.xcconfig"; path = "Target Support Files/Pods-Cinemagic/Pods-Cinemagic.debug.xcconfig"; sourceTree = "<group>"; };
		5BF252959CBDDC4CFAEFF092 /* Pods_CinemagicTests.framework */ = {isa = PBXFileReference; explicitFileType = wrapper.framework; includeInIndex = 0; path = Pods_CinemagicTests.framework; sourceTree = BUILT_PRODUCTS_DIR; };
		6B9799EA2ABEE027C9430530 /* Pods-Cinemagic.release.xcconfig */ = {isa = PBXFileReference; includeInIndex = 1; lastKnownFileType = text.xcconfig; name = "Pods-Cinemagic.release.xcconfig"; path = "Target Support Files/Pods-Cinemagic/Pods-Cinemagic.release.xcconfig"; sourceTree = "<group>"; };
		974788A9844D1CBA8CE7AB45 /* Pods-CinemagicTests.release.xcconfig */ = {isa = PBXFileReference; includeInIndex = 1; lastKnownFileType = text.xcconfig; name = "Pods-CinemagicTests.release.xcconfig"; path = "Target Support Files/Pods-CinemagicTests/Pods-CinemagicTests.release.xcconfig"; sourceTree = "<group>"; };
/* End PBXFileReference section */

/* Begin PBXFrameworksBuildPhase section */
		4A9C1AB62535C8740079BEC0 /* Frameworks */ = {
			isa = PBXFrameworksBuildPhase;
			buildActionMask = 2147483647;
			files = (
				560607DB6D4904BF3C4A4B31 /* Pods_Cinemagic.framework in Frameworks */,
			);
			runOnlyForDeploymentPostprocessing = 0;
		};
		4A9C1ACC2535C8780079BEC0 /* Frameworks */ = {
			isa = PBXFrameworksBuildPhase;
			buildActionMask = 2147483647;
			files = (
				2F14D8B09121F471B0E06D10 /* Pods_CinemagicTests.framework in Frameworks */,
			);
			runOnlyForDeploymentPostprocessing = 0;
		};
		4A9C1AD72535C8780079BEC0 /* Frameworks */ = {
			isa = PBXFrameworksBuildPhase;
			buildActionMask = 2147483647;
			files = (
			);
			runOnlyForDeploymentPostprocessing = 0;
		};
/* End PBXFrameworksBuildPhase section */

/* Begin PBXGroup section */
		23F4D8D65786F72CB0B1F493 /* Frameworks */ = {
			isa = PBXGroup;
			children = (
				4A60A5C2253B0FBA000D62C5 /* RxTest.framework */,
				0A233F35C57585B086229FF0 /* Pods_Cinemagic.framework */,
				5BF252959CBDDC4CFAEFF092 /* Pods_CinemagicTests.framework */,
			);
			name = Frameworks;
			sourceTree = "<group>";
		};
		4A628579253763B200BFF3DE /* Extenstions */ = {
			isa = PBXGroup;
			children = (
				4A9C1B282536065B0079BEC0 /* Extentions.swift */,
			);
			path = Extenstions;
			sourceTree = "<group>";
		};
		4A6486A02538367600C175C1 /* Network */ = {
			isa = PBXGroup;
			children = (
				4A9C1AF92535CBAF0079BEC0 /* Services */,
				4A6486B125384EAA00C175C1 /* Resources.swift */,
			);
			path = Network;
			sourceTree = "<group>";
		};
		4A725E522536DA8800F3445B /* Booking */ = {
			isa = PBXGroup;
			children = (
				4A9C1B30253638620079BEC0 /* WebViewController.swift */,
			);
			path = Booking;
			sourceTree = "<group>";
		};
		4A9C1AB02535C8740079BEC0 = {
			isa = PBXGroup;
			children = (
				4A9C1ABB2535C8740079BEC0 /* Cinemagic */,
				4A9C1AD22535C8780079BEC0 /* CinemagicTests */,
				4A9C1ADD2535C8780079BEC0 /* CinemagicUITests */,
				4A9C1ABA2535C8740079BEC0 /* Products */,
				F1AC33A31CC027DB2A2D9771 /* Pods */,
				23F4D8D65786F72CB0B1F493 /* Frameworks */,
			);
			sourceTree = "<group>";
		};
		4A9C1ABA2535C8740079BEC0 /* Products */ = {
			isa = PBXGroup;
			children = (
				4A9C1AB92535C8740079BEC0 /* Cinemagic.app */,
				4A9C1ACF2535C8780079BEC0 /* CinemagicTests.xctest */,
				4A9C1ADA2535C8780079BEC0 /* CinemagicUITests.xctest */,
			);
			name = Products;
			sourceTree = "<group>";
		};
		4A9C1ABB2535C8740079BEC0 /* Cinemagic */ = {
			isa = PBXGroup;
			children = (
				4A9C1AF52535CB570079BEC0 /* View */,
				4A9C1AF62535CB800079BEC0 /* ViewModel */,
				4A9C1AF72535CB940079BEC0 /* Model */,
				4A6486A02538367600C175C1 /* Network */,
				4A9C1AFA2535CBB90079BEC0 /* Protocol */,
				4A9C1AFB2535CBC40079BEC0 /* Helper */,
				4A9C1ABC2535C8750079BEC0 /* AppDelegate.swift */,
				4A9C1ABE2535C8750079BEC0 /* SceneDelegate.swift */,
				4A9C1AC52535C8780079BEC0 /* Assets.xcassets */,
				4A9C1AC72535C8780079BEC0 /* LaunchScreen.storyboard */,
				4A9C1ACA2535C8780079BEC0 /* Info.plist */,
			);
			path = Cinemagic;
			sourceTree = "<group>";
		};
		4A9C1AD22535C8780079BEC0 /* CinemagicTests */ = {
			isa = PBXGroup;
			children = (
				4A9C1AD32535C8780079BEC0 /* CinemagicTests.swift */,
				4A9C1AD52535C8780079BEC0 /* Info.plist */,
			);
			path = CinemagicTests;
			sourceTree = "<group>";
		};
		4A9C1ADD2535C8780079BEC0 /* CinemagicUITests */ = {
			isa = PBXGroup;
			children = (
				4A9C1ADE2535C8780079BEC0 /* CinemagicUITests.swift */,
				4A9C1AE02535C8780079BEC0 /* Info.plist */,
			);
			path = CinemagicUITests;
			sourceTree = "<group>";
		};
		4A9C1AF52535CB570079BEC0 /* View */ = {
			isa = PBXGroup;
			children = (
				4A725E522536DA8800F3445B /* Booking */,
				4A9C1B0C2535CDA60079BEC0 /* Movie */,
			);
			path = View;
			sourceTree = "<group>";
		};
		4A9C1AF62535CB800079BEC0 /* ViewModel */ = {
			isa = PBXGroup;
			children = (
				4A9C1B0D2535CDB30079BEC0 /* Movies */,
			);
			path = ViewModel;
			sourceTree = "<group>";
		};
		4A9C1AF72535CB940079BEC0 /* Model */ = {
			isa = PBXGroup;
			children = (
				4A9C1B072535CD7D0079BEC0 /* Movie.swift */,
			);
			path = Model;
			sourceTree = "<group>";
		};
		4A9C1AF82535CBA20079BEC0 /* Views */ = {
			isa = PBXGroup;
			children = (
				4A9C1B1A2535F9220079BEC0 /* MovieCollectionViewCell.swift */,
				4A6486EC2538667C00C175C1 /* ActivityIndicator.swift */,
				4A6486F1253867F900C175C1 /* MessageBanner.swift */,
			);
			path = Views;
			sourceTree = "<group>";
		};
		4A9C1AF92535CBAF0079BEC0 /* Services */ = {
			isa = PBXGroup;
			children = (
				4A9C1B132535D9210079BEC0 /* Movies */,
			);
			path = Services;
			sourceTree = "<group>";
		};
		4A9C1AFA2535CBB90079BEC0 /* Protocol */ = {
			isa = PBXGroup;
			children = (
				4A60A70A253B3236000D62C5 /* MovieServiceProtocol.swift */,
			);
			path = Protocol;
			sourceTree = "<group>";
		};
		4A9C1AFB2535CBC40079BEC0 /* Helper */ = {
			isa = PBXGroup;
			children = (
				4A9C1AF82535CBA20079BEC0 /* Views */,
				4A628579253763B200BFF3DE /* Extenstions */,
				4A60A736253B9214000D62C5 /* Constants.swift */,
			);
			path = Helper;
			sourceTree = "<group>";
		};
		4A9C1B0C2535CDA60079BEC0 /* Movie */ = {
			isa = PBXGroup;
			children = (
				4A9C1B022535CC880079BEC0 /* MoviesListViewController.swift */,
				4A9C1B22253602560079BEC0 /* MovieDetailsViewController.swift */,
			);
			path = Movie;
			sourceTree = "<group>";
		};
		4A9C1B0D2535CDB30079BEC0 /* Movies */ = {
			isa = PBXGroup;
			children = (
				4A9C1B0E2535D39F0079BEC0 /* MoviesListViewModel.swift */,
				4A6552CB2539584B00694786 /* MovieDetailsViewModel.swift */,
			);
			path = Movies;
			sourceTree = "<group>";
		};
		4A9C1B132535D9210079BEC0 /* Movies */ = {
			isa = PBXGroup;
			children = (
				4A9C1B142535DD6E0079BEC0 /* MovieService.swift */,
			);
			path = Movies;
			sourceTree = "<group>";
		};
		F1AC33A31CC027DB2A2D9771 /* Pods */ = {
			isa = PBXGroup;
			children = (
				4CD41162E5E55300695A1FDB /* Pods-Cinemagic.debug.xcconfig */,
				6B9799EA2ABEE027C9430530 /* Pods-Cinemagic.release.xcconfig */,
				3F11604B04A4A9C7D5AAAED7 /* Pods-CinemagicTests.debug.xcconfig */,
				974788A9844D1CBA8CE7AB45 /* Pods-CinemagicTests.release.xcconfig */,
			);
			path = Pods;
			sourceTree = "<group>";
		};
/* End PBXGroup section */

/* Begin PBXNativeTarget section */
		4A9C1AB82535C8740079BEC0 /* Cinemagic */ = {
			isa = PBXNativeTarget;
			buildConfigurationList = 4A9C1AE32535C8780079BEC0 /* Build configuration list for PBXNativeTarget "Cinemagic" */;
			buildPhases = (
				86F32811E79C09A8274A2A29 /* [CP] Check Pods Manifest.lock */,
				4A9C1AB52535C8740079BEC0 /* Sources */,
				4A9C1AB62535C8740079BEC0 /* Frameworks */,
				4A9C1AB72535C8740079BEC0 /* Resources */,
				7F13CDC84AD6B8DD8BFEF908 /* [CP] Embed Pods Frameworks */,
			);
			buildRules = (
			);
			dependencies = (
			);
			name = Cinemagic;
			productName = Cinemagic;
			productReference = 4A9C1AB92535C8740079BEC0 /* Cinemagic.app */;
			productType = "com.apple.product-type.application";
		};
		4A9C1ACE2535C8780079BEC0 /* CinemagicTests */ = {
			isa = PBXNativeTarget;
			buildConfigurationList = 4A9C1AE62535C8780079BEC0 /* Build configuration list for PBXNativeTarget "CinemagicTests" */;
			buildPhases = (
				BB826F6BEDFB379BD66405D6 /* [CP] Check Pods Manifest.lock */,
				4A9C1ACB2535C8780079BEC0 /* Sources */,
				4A9C1ACC2535C8780079BEC0 /* Frameworks */,
				4A9C1ACD2535C8780079BEC0 /* Resources */,
				654525D53A346A4AFAD34B50 /* [CP] Embed Pods Frameworks */,
			);
			buildRules = (
			);
			dependencies = (
				4A9C1AD12535C8780079BEC0 /* PBXTargetDependency */,
			);
			name = CinemagicTests;
			productName = CinemagicTests;
			productReference = 4A9C1ACF2535C8780079BEC0 /* CinemagicTests.xctest */;
			productType = "com.apple.product-type.bundle.unit-test";
		};
		4A9C1AD92535C8780079BEC0 /* CinemagicUITests */ = {
			isa = PBXNativeTarget;
			buildConfigurationList = 4A9C1AE92535C8780079BEC0 /* Build configuration list for PBXNativeTarget "CinemagicUITests" */;
			buildPhases = (
				4A9C1AD62535C8780079BEC0 /* Sources */,
				4A9C1AD72535C8780079BEC0 /* Frameworks */,
				4A9C1AD82535C8780079BEC0 /* Resources */,
			);
			buildRules = (
			);
			dependencies = (
				4A9C1ADC2535C8780079BEC0 /* PBXTargetDependency */,
			);
			name = CinemagicUITests;
			productName = CinemagicUITests;
			productReference = 4A9C1ADA2535C8780079BEC0 /* CinemagicUITests.xctest */;
			productType = "com.apple.product-type.bundle.ui-testing";
		};
/* End PBXNativeTarget section */

/* Begin PBXProject section */
		4A9C1AB12535C8740079BEC0 /* Project object */ = {
			isa = PBXProject;
			attributes = {
				LastSwiftUpdateCheck = 1200;
				LastUpgradeCheck = 1200;
				TargetAttributes = {
					4A9C1AB82535C8740079BEC0 = {
						CreatedOnToolsVersion = 12.0.1;
					};
					4A9C1ACE2535C8780079BEC0 = {
						CreatedOnToolsVersion = 12.0.1;
						TestTargetID = 4A9C1AB82535C8740079BEC0;
					};
					4A9C1AD92535C8780079BEC0 = {
						CreatedOnToolsVersion = 12.0.1;
						TestTargetID = 4A9C1AB82535C8740079BEC0;
					};
				};
			};
			buildConfigurationList = 4A9C1AB42535C8740079BEC0 /* Build configuration list for PBXProject "Cinemagic" */;
			compatibilityVersion = "Xcode 9.3";
			developmentRegion = en;
			hasScannedForEncodings = 0;
			knownRegions = (
				en,
				Base,
			);
			mainGroup = 4A9C1AB02535C8740079BEC0;
			productRefGroup = 4A9C1ABA2535C8740079BEC0 /* Products */;
			projectDirPath = "";
			projectRoot = "";
			targets = (
				4A9C1AB82535C8740079BEC0 /* Cinemagic */,
				4A9C1ACE2535C8780079BEC0 /* CinemagicTests */,
				4A9C1AD92535C8780079BEC0 /* CinemagicUITests */,
			);
		};
/* End PBXProject section */

/* Begin PBXResourcesBuildPhase section */
		4A9C1AB72535C8740079BEC0 /* Resources */ = {
			isa = PBXResourcesBuildPhase;
			buildActionMask = 2147483647;
			files = (
				4A9C1AC92535C8780079BEC0 /* LaunchScreen.storyboard in Resources */,
				4A9C1AC62535C8780079BEC0 /* Assets.xcassets in Resources */,
			);
			runOnlyForDeploymentPostprocessing = 0;
		};
		4A9C1ACD2535C8780079BEC0 /* Resources */ = {
			isa = PBXResourcesBuildPhase;
			buildActionMask = 2147483647;
			files = (
			);
			runOnlyForDeploymentPostprocessing = 0;
		};
		4A9C1AD82535C8780079BEC0 /* Resources */ = {
			isa = PBXResourcesBuildPhase;
			buildActionMask = 2147483647;
			files = (
			);
			runOnlyForDeploymentPostprocessing = 0;
		};
/* End PBXResourcesBuildPhase section */

/* Begin PBXShellScriptBuildPhase section */
		654525D53A346A4AFAD34B50 /* [CP] Embed Pods Frameworks */ = {
			isa = PBXShellScriptBuildPhase;
			buildActionMask = 2147483647;
			files = (
			);
			inputFileListPaths = (
				"${PODS_ROOT}/Target Support Files/Pods-CinemagicTests/Pods-CinemagicTests-frameworks-${CONFIGURATION}-input-files.xcfilelist",
			);
			name = "[CP] Embed Pods Frameworks";
			outputFileListPaths = (
				"${PODS_ROOT}/Target Support Files/Pods-CinemagicTests/Pods-CinemagicTests-frameworks-${CONFIGURATION}-output-files.xcfilelist",
			);
			runOnlyForDeploymentPostprocessing = 0;
			shellPath = /bin/sh;
			shellScript = "\"${PODS_ROOT}/Target Support Files/Pods-CinemagicTests/Pods-CinemagicTests-frameworks.sh\"\n";
			showEnvVarsInLog = 0;
		};
		7F13CDC84AD6B8DD8BFEF908 /* [CP] Embed Pods Frameworks */ = {
			isa = PBXShellScriptBuildPhase;
			buildActionMask = 2147483647;
			files = (
			);
			inputFileListPaths = (
				"${PODS_ROOT}/Target Support Files/Pods-Cinemagic/Pods-Cinemagic-frameworks-${CONFIGURATION}-input-files.xcfilelist",
			);
			name = "[CP] Embed Pods Frameworks";
			outputFileListPaths = (
				"${PODS_ROOT}/Target Support Files/Pods-Cinemagic/Pods-Cinemagic-frameworks-${CONFIGURATION}-output-files.xcfilelist",
			);
			runOnlyForDeploymentPostprocessing = 0;
			shellPath = /bin/sh;
			shellScript = "\"${PODS_ROOT}/Target Support Files/Pods-Cinemagic/Pods-Cinemagic-frameworks.sh\"\n";
			showEnvVarsInLog = 0;
		};
		86F32811E79C09A8274A2A29 /* [CP] Check Pods Manifest.lock */ = {
			isa = PBXShellScriptBuildPhase;
			buildActionMask = 2147483647;
			files = (
			);
			inputFileListPaths = (
			);
			inputPaths = (
				"${PODS_PODFILE_DIR_PATH}/Podfile.lock",
				"${PODS_ROOT}/Manifest.lock",
			);
			name = "[CP] Check Pods Manifest.lock";
			outputFileListPaths = (
			);
			outputPaths = (
				"$(DERIVED_FILE_DIR)/Pods-Cinemagic-checkManifestLockResult.txt",
			);
			runOnlyForDeploymentPostprocessing = 0;
			shellPath = /bin/sh;
			shellScript = "diff \"${PODS_PODFILE_DIR_PATH}/Podfile.lock\" \"${PODS_ROOT}/Manifest.lock\" > /dev/null\nif [ $? != 0 ] ; then\n    # print error to STDERR\n    echo \"error: The sandbox is not in sync with the Podfile.lock. Run 'pod install' or update your CocoaPods installation.\" >&2\n    exit 1\nfi\n# This output is used by Xcode 'outputs' to avoid re-running this script phase.\necho \"SUCCESS\" > \"${SCRIPT_OUTPUT_FILE_0}\"\n";
			showEnvVarsInLog = 0;
		};
		BB826F6BEDFB379BD66405D6 /* [CP] Check Pods Manifest.lock */ = {
			isa = PBXShellScriptBuildPhase;
			buildActionMask = 2147483647;
			files = (
			);
			inputFileListPaths = (
			);
			inputPaths = (
				"${PODS_PODFILE_DIR_PATH}/Podfile.lock",
				"${PODS_ROOT}/Manifest.lock",
			);
			name = "[CP] Check Pods Manifest.lock";
			outputFileListPaths = (
			);
			outputPaths = (
				"$(DERIVED_FILE_DIR)/Pods-CinemagicTests-checkManifestLockResult.txt",
			);
			runOnlyForDeploymentPostprocessing = 0;
			shellPath = /bin/sh;
			shellScript = "diff \"${PODS_PODFILE_DIR_PATH}/Podfile.lock\" \"${PODS_ROOT}/Manifest.lock\" > /dev/null\nif [ $? != 0 ] ; then\n    # print error to STDERR\n    echo \"error: The sandbox is not in sync with the Podfile.lock. Run 'pod install' or update your CocoaPods installation.\" >&2\n    exit 1\nfi\n# This output is used by Xcode 'outputs' to avoid re-running this script phase.\necho \"SUCCESS\" > \"${SCRIPT_OUTPUT_FILE_0}\"\n";
			showEnvVarsInLog = 0;
		};
/* End PBXShellScriptBuildPhase section */

/* Begin PBXSourcesBuildPhase section */
		4A9C1AB52535C8740079BEC0 /* Sources */ = {
			isa = PBXSourcesBuildPhase;
			buildActionMask = 2147483647;
			files = (
				4A6552CC2539584B00694786 /* MovieDetailsViewModel.swift in Sources */,
				4A9C1B23253602560079BEC0 /* MovieDetailsViewController.swift in Sources */,
				4A9C1B152535DD6F0079BEC0 /* MovieService.swift in Sources */,
				4A60A737253B9214000D62C5 /* Constants.swift in Sources */,
				4A9C1B0F2535D39F0079BEC0 /* MoviesListViewModel.swift in Sources */,
				4A9C1B31253638620079BEC0 /* WebViewController.swift in Sources */,
				4A6486ED2538667C00C175C1 /* ActivityIndicator.swift in Sources */,
				4A9C1ABD2535C8750079BEC0 /* AppDelegate.swift in Sources */,
				4A9C1ABF2535C8750079BEC0 /* SceneDelegate.swift in Sources */,
				4A60A70B253B3236000D62C5 /* MovieServiceProtocol.swift in Sources */,
				4A9C1B1B2535F9220079BEC0 /* MovieCollectionViewCell.swift in Sources */,
				4A6486F2253867F900C175C1 /* MessageBanner.swift in Sources */,
				4A9C1B082535CD7D0079BEC0 /* Movie.swift in Sources */,
				4A9C1B032535CC880079BEC0 /* MoviesListViewController.swift in Sources */,
				4A6486B225384EAA00C175C1 /* Resources.swift in Sources */,
				4A9C1B292536065B0079BEC0 /* Extentions.swift in Sources */,
			);
			runOnlyForDeploymentPostprocessing = 0;
		};
		4A9C1ACB2535C8780079BEC0 /* Sources */ = {
			isa = PBXSourcesBuildPhase;
			buildActionMask = 2147483647;
			files = (
				4A9C1AD42535C8780079BEC0 /* CinemagicTests.swift in Sources */,
			);
			runOnlyForDeploymentPostprocessing = 0;
		};
		4A9C1AD62535C8780079BEC0 /* Sources */ = {
			isa = PBXSourcesBuildPhase;
			buildActionMask = 2147483647;
			files = (
				4A9C1ADF2535C8780079BEC0 /* CinemagicUITests.swift in Sources */,
			);
			runOnlyForDeploymentPostprocessing = 0;
		};
/* End PBXSourcesBuildPhase section */

/* Begin PBXTargetDependency section */
		4A9C1AD12535C8780079BEC0 /* PBXTargetDependency */ = {
			isa = PBXTargetDependency;
			target = 4A9C1AB82535C8740079BEC0 /* Cinemagic */;
			targetProxy = 4A9C1AD02535C8780079BEC0 /* PBXContainerItemProxy */;
		};
		4A9C1ADC2535C8780079BEC0 /* PBXTargetDependency */ = {
			isa = PBXTargetDependency;
			target = 4A9C1AB82535C8740079BEC0 /* Cinemagic */;
			targetProxy = 4A9C1ADB2535C8780079BEC0 /* PBXContainerItemProxy */;
		};
/* End PBXTargetDependency section */

/* Begin PBXVariantGroup section */
		4A9C1AC72535C8780079BEC0 /* LaunchScreen.storyboard */ = {
			isa = PBXVariantGroup;
			children = (
				4A9C1AC82535C8780079BEC0 /* Base */,
			);
			name = LaunchScreen.storyboard;
			sourceTree = "<group>";
		};
/* End PBXVariantGroup section */

/* Begin XCBuildConfiguration section */
		4A9C1AE12535C8780079BEC0 /* Debug */ = {
			isa = XCBuildConfiguration;
			buildSettings = {
				ALWAYS_SEARCH_USER_PATHS = NO;
				CLANG_ANALYZER_NONNULL = YES;
				CLANG_ANALYZER_NUMBER_OBJECT_CONVERSION = YES_AGGRESSIVE;
				CLANG_CXX_LANGUAGE_STANDARD = "gnu++14";
				CLANG_CXX_LIBRARY = "libc++";
				CLANG_ENABLE_MODULES = YES;
				CLANG_ENABLE_OBJC_ARC = YES;
				CLANG_ENABLE_OBJC_WEAK = YES;
				CLANG_WARN_BLOCK_CAPTURE_AUTORELEASING = YES;
				CLANG_WARN_BOOL_CONVERSION = YES;
				CLANG_WARN_COMMA = YES;
				CLANG_WARN_CONSTANT_CONVERSION = YES;
				CLANG_WARN_DEPRECATED_OBJC_IMPLEMENTATIONS = YES;
				CLANG_WARN_DIRECT_OBJC_ISA_USAGE = YES_ERROR;
				CLANG_WARN_DOCUMENTATION_COMMENTS = YES;
				CLANG_WARN_EMPTY_BODY = YES;
				CLANG_WARN_ENUM_CONVERSION = YES;
				CLANG_WARN_INFINITE_RECURSION = YES;
				CLANG_WARN_INT_CONVERSION = YES;
				CLANG_WARN_NON_LITERAL_NULL_CONVERSION = YES;
				CLANG_WARN_OBJC_IMPLICIT_RETAIN_SELF = YES;
				CLANG_WARN_OBJC_LITERAL_CONVERSION = YES;
				CLANG_WARN_OBJC_ROOT_CLASS = YES_ERROR;
				CLANG_WARN_QUOTED_INCLUDE_IN_FRAMEWORK_HEADER = YES;
				CLANG_WARN_RANGE_LOOP_ANALYSIS = YES;
				CLANG_WARN_STRICT_PROTOTYPES = YES;
				CLANG_WARN_SUSPICIOUS_MOVE = YES;
				CLANG_WARN_UNGUARDED_AVAILABILITY = YES_AGGRESSIVE;
				CLANG_WARN_UNREACHABLE_CODE = YES;
				CLANG_WARN__DUPLICATE_METHOD_MATCH = YES;
				COPY_PHASE_STRIP = NO;
				DEBUG_INFORMATION_FORMAT = dwarf;
				ENABLE_STRICT_OBJC_MSGSEND = YES;
				ENABLE_TESTABILITY = YES;
				GCC_C_LANGUAGE_STANDARD = gnu11;
				GCC_DYNAMIC_NO_PIC = NO;
				GCC_NO_COMMON_BLOCKS = YES;
				GCC_OPTIMIZATION_LEVEL = 0;
				GCC_PREPROCESSOR_DEFINITIONS = (
					"DEBUG=1",
					"$(inherited)",
				);
				GCC_WARN_64_TO_32_BIT_CONVERSION = YES;
				GCC_WARN_ABOUT_RETURN_TYPE = YES_ERROR;
				GCC_WARN_UNDECLARED_SELECTOR = YES;
				GCC_WARN_UNINITIALIZED_AUTOS = YES_AGGRESSIVE;
				GCC_WARN_UNUSED_FUNCTION = YES;
				GCC_WARN_UNUSED_VARIABLE = YES;
				IPHONEOS_DEPLOYMENT_TARGET = 14.0;
				MTL_ENABLE_DEBUG_INFO = INCLUDE_SOURCE;
				MTL_FAST_MATH = YES;
				ONLY_ACTIVE_ARCH = YES;
				SDKROOT = iphoneos;
				SWIFT_ACTIVE_COMPILATION_CONDITIONS = DEBUG;
				SWIFT_OPTIMIZATION_LEVEL = "-Onone";
			};
			name = Debug;
		};
		4A9C1AE22535C8780079BEC0 /* Release */ = {
			isa = XCBuildConfiguration;
			buildSettings = {
				ALWAYS_SEARCH_USER_PATHS = NO;
				CLANG_ANALYZER_NONNULL = YES;
				CLANG_ANALYZER_NUMBER_OBJECT_CONVERSION = YES_AGGRESSIVE;
				CLANG_CXX_LANGUAGE_STANDARD = "gnu++14";
				CLANG_CXX_LIBRARY = "libc++";
				CLANG_ENABLE_MODULES = YES;
				CLANG_ENABLE_OBJC_ARC = YES;
				CLANG_ENABLE_OBJC_WEAK = YES;
				CLANG_WARN_BLOCK_CAPTURE_AUTORELEASING = YES;
				CLANG_WARN_BOOL_CONVERSION = YES;
				CLANG_WARN_COMMA = YES;
				CLANG_WARN_CONSTANT_CONVERSION = YES;
				CLANG_WARN_DEPRECATED_OBJC_IMPLEMENTATIONS = YES;
				CLANG_WARN_DIRECT_OBJC_ISA_USAGE = YES_ERROR;
				CLANG_WARN_DOCUMENTATION_COMMENTS = YES;
				CLANG_WARN_EMPTY_BODY = YES;
				CLANG_WARN_ENUM_CONVERSION = YES;
				CLANG_WARN_INFINITE_RECURSION = YES;
				CLANG_WARN_INT_CONVERSION = YES;
				CLANG_WARN_NON_LITERAL_NULL_CONVERSION = YES;
				CLANG_WARN_OBJC_IMPLICIT_RETAIN_SELF = YES;
				CLANG_WARN_OBJC_LITERAL_CONVERSION = YES;
				CLANG_WARN_OBJC_ROOT_CLASS = YES_ERROR;
				CLANG_WARN_QUOTED_INCLUDE_IN_FRAMEWORK_HEADER = YES;
				CLANG_WARN_RANGE_LOOP_ANALYSIS = YES;
				CLANG_WARN_STRICT_PROTOTYPES = YES;
				CLANG_WARN_SUSPICIOUS_MOVE = YES;
				CLANG_WARN_UNGUARDED_AVAILABILITY = YES_AGGRESSIVE;
				CLANG_WARN_UNREACHABLE_CODE = YES;
				CLANG_WARN__DUPLICATE_METHOD_MATCH = YES;
				COPY_PHASE_STRIP = NO;
				DEBUG_INFORMATION_FORMAT = "dwarf-with-dsym";
				ENABLE_NS_ASSERTIONS = NO;
				ENABLE_STRICT_OBJC_MSGSEND = YES;
				GCC_C_LANGUAGE_STANDARD = gnu11;
				GCC_NO_COMMON_BLOCKS = YES;
				GCC_WARN_64_TO_32_BIT_CONVERSION = YES;
				GCC_WARN_ABOUT_RETURN_TYPE = YES_ERROR;
				GCC_WARN_UNDECLARED_SELECTOR = YES;
				GCC_WARN_UNINITIALIZED_AUTOS = YES_AGGRESSIVE;
				GCC_WARN_UNUSED_FUNCTION = YES;
				GCC_WARN_UNUSED_VARIABLE = YES;
				IPHONEOS_DEPLOYMENT_TARGET = 14.0;
				MTL_ENABLE_DEBUG_INFO = NO;
				MTL_FAST_MATH = YES;
				SDKROOT = iphoneos;
				SWIFT_COMPILATION_MODE = wholemodule;
				SWIFT_OPTIMIZATION_LEVEL = "-O";
				VALIDATE_PRODUCT = YES;
			};
			name = Release;
		};
		4A9C1AE42535C8780079BEC0 /* Debug */ = {
			isa = XCBuildConfiguration;
			baseConfigurationReference = 4CD41162E5E55300695A1FDB /* Pods-Cinemagic.debug.xcconfig */;
			buildSettings = {
				ASSETCATALOG_COMPILER_APPICON_NAME = AppIcon;
				ASSETCATALOG_COMPILER_GLOBAL_ACCENT_COLOR_NAME = AccentColor;
				CODE_SIGN_STYLE = Automatic;
				DEVELOPMENT_TEAM = E5DRTK6U2B;
				INFOPLIST_FILE = Cinemagic/Info.plist;
				LD_RUNPATH_SEARCH_PATHS = (
					"$(inherited)",
					"@executable_path/Frameworks",
				);
				PRODUCT_BUNDLE_IDENTIFIER = com.alihewiagh.Cinemagic;
				PRODUCT_NAME = "$(TARGET_NAME)";
				SWIFT_VERSION = 5.0;
				TARGETED_DEVICE_FAMILY = "1,2";
			};
			name = Debug;
		};
		4A9C1AE52535C8780079BEC0 /* Release */ = {
			isa = XCBuildConfiguration;
			baseConfigurationReference = 6B9799EA2ABEE027C9430530 /* Pods-Cinemagic.release.xcconfig */;
			buildSettings = {
				ASSETCATALOG_COMPILER_APPICON_NAME = AppIcon;
				ASSETCATALOG_COMPILER_GLOBAL_ACCENT_COLOR_NAME = AccentColor;
				CODE_SIGN_STYLE = Automatic;
				DEVELOPMENT_TEAM = E5DRTK6U2B;
				INFOPLIST_FILE = Cinemagic/Info.plist;
				LD_RUNPATH_SEARCH_PATHS = (
					"$(inherited)",
					"@executable_path/Frameworks",
				);
				PRODUCT_BUNDLE_IDENTIFIER = com.alihewiagh.Cinemagic;
				PRODUCT_NAME = "$(TARGET_NAME)";
				SWIFT_VERSION = 5.0;
				TARGETED_DEVICE_FAMILY = "1,2";
			};
			name = Release;
		};
		4A9C1AE72535C8780079BEC0 /* Debug */ = {
			isa = XCBuildConfiguration;
			baseConfigurationReference = 3F11604B04A4A9C7D5AAAED7 /* Pods-CinemagicTests.debug.xcconfig */;
			buildSettings = {
				ALWAYS_EMBED_SWIFT_STANDARD_LIBRARIES = "$(inherited)";
				BUNDLE_LOADER = "$(TEST_HOST)";
				CODE_SIGN_STYLE = Automatic;
				DEVELOPMENT_TEAM = E5DRTK6U2B;
				INFOPLIST_FILE = CinemagicTests/Info.plist;
				IPHONEOS_DEPLOYMENT_TARGET = 14.0;
				LD_RUNPATH_SEARCH_PATHS = (
					"$(inherited)",
					"@executable_path/Frameworks",
					"@loader_path/Frameworks",
				);
				PRODUCT_BUNDLE_IDENTIFIER = com.alihewiagh.CinemagicTests;
				PRODUCT_NAME = "$(TARGET_NAME)";
				SWIFT_VERSION = 5.0;
				TARGETED_DEVICE_FAMILY = "1,2";
				TEST_HOST = "$(BUILT_PRODUCTS_DIR)/Cinemagic.app/Cinemagic";
			};
			name = Debug;
		};
		4A9C1AE82535C8780079BEC0 /* Release */ = {
			isa = XCBuildConfiguration;
			baseConfigurationReference = 974788A9844D1CBA8CE7AB45 /* Pods-CinemagicTests.release.xcconfig */;
			buildSettings = {
				ALWAYS_EMBED_SWIFT_STANDARD_LIBRARIES = "$(inherited)";
				BUNDLE_LOADER = "$(TEST_HOST)";
				CODE_SIGN_STYLE = Automatic;
				DEVELOPMENT_TEAM = E5DRTK6U2B;
				INFOPLIST_FILE = CinemagicTests/Info.plist;
				IPHONEOS_DEPLOYMENT_TARGET = 14.0;
				LD_RUNPATH_SEARCH_PATHS = (
					"$(inherited)",
					"@executable_path/Frameworks",
					"@loader_path/Frameworks",
				);
				PRODUCT_BUNDLE_IDENTIFIER = com.alihewiagh.CinemagicTests;
				PRODUCT_NAME = "$(TARGET_NAME)";
				SWIFT_VERSION = 5.0;
				TARGETED_DEVICE_FAMILY = "1,2";
				TEST_HOST = "$(BUILT_PRODUCTS_DIR)/Cinemagic.app/Cinemagic";
			};
			name = Release;
		};
		4A9C1AEA2535C8780079BEC0 /* Debug */ = {
			isa = XCBuildConfiguration;
			buildSettings = {
				ALWAYS_EMBED_SWIFT_STANDARD_LIBRARIES = "$(inherited)";
				CODE_SIGN_STYLE = Automatic;
				DEVELOPMENT_TEAM = E5DRTK6U2B;
				INFOPLIST_FILE = CinemagicUITests/Info.plist;
				LD_RUNPATH_SEARCH_PATHS = (
					"$(inherited)",
					"@executable_path/Frameworks",
					"@loader_path/Frameworks",
				);
				PRODUCT_BUNDLE_IDENTIFIER = com.alihewiagh.CinemagicUITests;
				PRODUCT_NAME = "$(TARGET_NAME)";
				SWIFT_VERSION = 5.0;
				TARGETED_DEVICE_FAMILY = "1,2";
				TEST_TARGET_NAME = Cinemagic;
			};
			name = Debug;
		};
		4A9C1AEB2535C8780079BEC0 /* Release */ = {
			isa = XCBuildConfiguration;
			buildSettings = {
				ALWAYS_EMBED_SWIFT_STANDARD_LIBRARIES = "$(inherited)";
				CODE_SIGN_STYLE = Automatic;
				DEVELOPMENT_TEAM = E5DRTK6U2B;
				INFOPLIST_FILE = CinemagicUITests/Info.plist;
				LD_RUNPATH_SEARCH_PATHS = (
					"$(inherited)",
					"@executable_path/Frameworks",
					"@loader_path/Frameworks",
				);
				PRODUCT_BUNDLE_IDENTIFIER = com.alihewiagh.CinemagicUITests;
				PRODUCT_NAME = "$(TARGET_NAME)";
				SWIFT_VERSION = 5.0;
				TARGETED_DEVICE_FAMILY = "1,2";
				TEST_TARGET_NAME = Cinemagic;
			};
			name = Release;
		};
/* End XCBuildConfiguration section */

/* Begin XCConfigurationList section */
		4A9C1AB42535C8740079BEC0 /* Build configuration list for PBXProject "Cinemagic" */ = {
			isa = XCConfigurationList;
			buildConfigurations = (
				4A9C1AE12535C8780079BEC0 /* Debug */,
				4A9C1AE22535C8780079BEC0 /* Release */,
			);
			defaultConfigurationIsVisible = 0;
			defaultConfigurationName = Release;
		};
		4A9C1AE32535C8780079BEC0 /* Build configuration list for PBXNativeTarget "Cinemagic" */ = {
			isa = XCConfigurationList;
			buildConfigurations = (
				4A9C1AE42535C8780079BEC0 /* Debug */,
				4A9C1AE52535C8780079BEC0 /* Release */,
			);
			defaultConfigurationIsVisible = 0;
			defaultConfigurationName = Release;
		};
		4A9C1AE62535C8780079BEC0 /* Build configuration list for PBXNativeTarget "CinemagicTests" */ = {
			isa = XCConfigurationList;
			buildConfigurations = (
				4A9C1AE72535C8780079BEC0 /* Debug */,
				4A9C1AE82535C8780079BEC0 /* Release */,
			);
			defaultConfigurationIsVisible = 0;
			defaultConfigurationName = Release;
		};
		4A9C1AE92535C8780079BEC0 /* Build configuration list for PBXNativeTarget "CinemagicUITests" */ = {
			isa = XCConfigurationList;
			buildConfigurations = (
				4A9C1AEA2535C8780079BEC0 /* Debug */,
				4A9C1AEB2535C8780079BEC0 /* Release */,
			);
			defaultConfigurationIsVisible = 0;
			defaultConfigurationName = Release;
		};
/* End XCConfigurationList section */
	};
	rootObject = 4A9C1AB12535C8740079BEC0 /* Project object */;
}
