// !$*UTF8*$!
{
	archiveVersion = 1;
	classes = {
	};
	objectVersion = 50;
	objects = {

/* Begin PBXBuildFile section */
		4A9C1ABD2535C8750079BEC0 /* AppDelegate.swift in Sources */ = {isa = PBXBuildFile; fileRef = 4A9C1ABC2535C8750079BEC0 /* AppDelegate.swift */; };
		4A9C1ABF2535C8750079BEC0 /* SceneDelegate.swift in Sources */ = {isa = PBXBuildFile; fileRef = 4A9C1ABE2535C8750079BEC0 /* SceneDelegate.swift */; };
		4A9C1AC12535C8750079BEC0 /* ViewController.swift in Sources */ = {isa = PBXBuildFile; fileRef = 4A9C1AC02535C8750079BEC0 /* ViewController.swift */; };
		4A9C1AC42535C8750079BEC0 /* Main.storyboard in Resources */ = {isa = PBXBuildFile; fileRef = 4A9C1AC22535C8750079BEC0 /* Main.storyboard */; };
		4A9C1AC62535C8780079BEC0 /* Assets.xcassets in Resources */ = {isa = PBXBuildFile; fileRef = 4A9C1AC52535C8780079BEC0 /* Assets.xcassets */; };
		4A9C1AC92535C8780079BEC0 /* LaunchScreen.storyboard in Resources */ = {isa = PBXBuildFile; fileRef = 4A9C1AC72535C8780079BEC0 /* LaunchScreen.storyboard */; };
		4A9C1AD42535C8780079BEC0 /* CinemagicTests.swift in Sources */ = {isa = PBXBuildFile; fileRef = 4A9C1AD32535C8780079BEC0 /* CinemagicTests.swift */; };
		4A9C1ADF2535C8780079BEC0 /* CinemagicUITests.swift in Sources */ = {isa = PBXBuildFile; fileRef = 4A9C1ADE2535C8780079BEC0 /* CinemagicUITests.swift */; };
/* End PBXBuildFile section */

/* Begin PBXContainerItemProxy section */
		4A9C1AD02535C8780079BEC0 /* PBXContainerItemProxy */ = {
			isa = PBXContainerItemProxy;
			containerPortal = 4A9C1AB12535C8740079BEC0 /* Project object */;
			proxyType = 1;
			remoteGlobalIDString = 4A9C1AB82535C8740079BEC0;
			remoteInfo = Cinemagic;
		};
		4A9C1ADB2535C8780079BEC0 /* PBXContainerItemProxy */ = {
			isa = PBXContainerItemProxy;
			containerPortal = 4A9C1AB12535C8740079BEC0 /* Project object */;
			proxyType = 1;
			remoteGlobalIDString = 4A9C1AB82535C8740079BEC0;
			remoteInfo = Cinemagic;
		};
/* End PBXContainerItemProxy section */

/* Begin PBXFileReference section */
		4A9C1AB92535C8740079BEC0 /* Cinemagic.app */ = {isa = PBXFileReference; explicitFileType = wrapper.application; includeInIndex = 0; path = Cinemagic.app; sourceTree = BUILT_PRODUCTS_DIR; };
		4A9C1ABC2535C8750079BEC0 /* AppDelegate.swift */ = {isa = PBXFileReference; lastKnownFileType = sourcecode.swift; path = AppDelegate.swift; sourceTree = "<group>"; };
		4A9C1ABE2535C8750079BEC0 /* SceneDelegate.swift */ = {isa = PBXFileReference; lastKnownFileType = sourcecode.swift; path = SceneDelegate.swift; sourceTree = "<group>"; };
		4A9C1AC02535C8750079BEC0 /* ViewController.swift */ = {isa = PBXFileReference; lastKnownFileType = sourcecode.swift; path = ViewController.swift; sourceTree = "<group>"; };
		4A9C1AC32535C8750079BEC0 /* Base */ = {isa = PBXFileReference; lastKnownFileType = file.storyboard; name = Base; path = Base.lproj/Main.storyboard; sourceTree = "<group>"; };
		4A9C1AC52535C8780079BEC0 /* Assets.xcassets */ = {isa = PBXFileReference; lastKnownFileType = folder.assetcatalog; path = Assets.xcassets; sourceTree = "<group>"; };
		4A9C1AC82535C8780079BEC0 /* Base */ = {isa = PBXFileReference; lastKnownFileType = file.storyboard; name = Base; path = Base.lproj/LaunchScreen.storyboard; sourceTree = "<group>"; };
		4A9C1ACA2535C8780079BEC0 /* Info.plist */ = {isa = PBXFileReference; lastKnownFileType = text.plist.xml; path = Info.plist; sourceTree = "<group>"; };
		4A9C1ACF2535C8780079BEC0 /* CinemagicTests.xctest */ = {isa = PBXFileReference; explicitFileType = wrapper.cfbundle; includeInIndex = 0; path = CinemagicTests.xctest; sourceTree = BUILT_PRODUCTS_DIR; };
		4A9C1AD32535C8780079BEC0 /* CinemagicTests.swift */ = {isa = PBXFileReference; lastKnownFileType = sourcecode.swift; path = CinemagicTests.swift; sourceTree = "<group>"; };
		4A9C1AD52535C8780079BEC0 /* Info.plist */ = {isa = PBXFileReference; lastKnownFileType = text.plist.xml; path = Info.plist; sourceTree = "<group>"; };
		4A9C1ADA2535C8780079BEC0 /* CinemagicUITests.xctest */ = {isa = PBXFileReference; explicitFileType = wrapper.cfbundle; includeInIndex = 0; path = CinemagicUITests.xctest; sourceTree = BUILT_PRODUCTS_DIR; };
		4A9C1ADE2535C8780079BEC0 /* CinemagicUITests.swift */ = {isa = PBXFileReference; lastKnownFileType = sourcecode.swift; path = CinemagicUITests.swift; sourceTree = "<group>"; };
		4A9C1AE02535C8780079BEC0 /* Info.plist */ = {isa = PBXFileReference; lastKnownFileType = text.plist.xml; path = Info.plist; sourceTree = "<group>"; };
/* End PBXFileReference section */

/* Begin PBXFrameworksBuildPhase section */
		4A9C1AB62535C8740079BEC0 /* Frameworks */ = {
			isa = PBXFrameworksBuildPhase;
			buildActionMask = 2147483647;
			files = (
			);
			runOnlyForDeploymentPostprocessing = 0;
		};
		4A9C1ACC2535C8780079BEC0 /* Frameworks */ = {
			isa = PBXFrameworksBuildPhase;
			buildActionMask = 2147483647;
			files = (
			);
			runOnlyForDeploymentPostprocessing = 0;
		};
		4A9C1AD72535C8780079BEC0 /* Frameworks */ = {
			isa = PBXFrameworksBuildPhase;
			buildActionMask = 2147483647;
			files = (
			);
			runOnlyForDeploymentPostprocessing = 0;
		};
/* End PBXFrameworksBuildPhase section */

/* Begin PBXGroup section */
		4A9C1AB02535C8740079BEC0 = {
			isa = PBXGroup;
			children = (
				4A9C1ABB2535C8740079BEC0 /* Cinemagic */,
				4A9C1AD22535C8780079BEC0 /* CinemagicTests */,
				4A9C1ADD2535C8780079BEC0 /* CinemagicUITests */,
				4A9C1ABA2535C8740079BEC0 /* Products */,
			);
			sourceTree = "<group>";
		};
		4A9C1ABA2535C8740079BEC0 /* Products */ = {
			isa = PBXGroup;
			children = (
				4A9C1AB92535C8740079BEC0 /* Cinemagic.app */,
				4A9C1ACF2535C8780079BEC0 /* CinemagicTests.xctest */,
				4A9C1ADA2535C8780079BEC0 /* CinemagicUITests.xctest */,
			);
			name = Products;
			sourceTree = "<group>";
		};
		4A9C1ABB2535C8740079BEC0 /* Cinemagic */ = {
			isa = PBXGroup;
			children = (
				4A9C1ABC2535C8750079BEC0 /* AppDelegate.swift */,
				4A9C1ABE2535C8750079BEC0 /* SceneDelegate.swift */,
				4A9C1AC02535C8750079BEC0 /* ViewController.swift */,
				4A9C1AC22535C8750079BEC0 /* Main.storyboard */,
				4A9C1AC52535C8780079BEC0 /* Assets.xcassets */,
				4A9C1AC72535C8780079BEC0 /* LaunchScreen.storyboard */,
				4A9C1ACA2535C8780079BEC0 /* Info.plist */,
			);
			path = Cinemagic;
			sourceTree = "<group>";
		};
		4A9C1AD22535C8780079BEC0 /* CinemagicTests */ = {
			isa = PBXGroup;
			children = (
				4A9C1AD32535C8780079BEC0 /* CinemagicTests.swift */,
				4A9C1AD52535C8780079BEC0 /* Info.plist */,
			);
			path = CinemagicTests;
			sourceTree = "<group>";
		};
		4A9C1ADD2535C8780079BEC0 /* CinemagicUITests */ = {
			isa = PBXGroup;
			children = (
				4A9C1ADE2535C8780079BEC0 /* CinemagicUITests.swift */,
				4A9C1AE02535C8780079BEC0 /* Info.plist */,
			);
			path = CinemagicUITests;
			sourceTree = "<group>";
		};
/* End PBXGroup section */

/* Begin PBXNativeTarget section */
		4A9C1AB82535C8740079BEC0 /* Cinemagic */ = {
			isa = PBXNativeTarget;
			buildConfigurationList = 4A9C1AE32535C8780079BEC0 /* Build configuration list for PBXNativeTarget "Cinemagic" */;
			buildPhases = (
				4A9C1AB52535C8740079BEC0 /* Sources */,
				4A9C1AB62535C8740079BEC0 /* Frameworks */,
				4A9C1AB72535C8740079BEC0 /* Resources */,
			);
			buildRules = (
			);
			dependencies = (
			);
			name = Cinemagic;
			productName = Cinemagic;
			productReference = 4A9C1AB92535C8740079BEC0 /* Cinemagic.app */;
			productType = "com.apple.product-type.application";
		};
		4A9C1ACE2535C8780079BEC0 /* CinemagicTests */ = {
			isa = PBXNativeTarget;
			buildConfigurationList = 4A9C1AE62535C8780079BEC0 /* Build configuration list for PBXNativeTarget "CinemagicTests" */;
			buildPhases = (
				4A9C1ACB2535C8780079BEC0 /* Sources */,
				4A9C1ACC2535C8780079BEC0 /* Frameworks */,
				4A9C1ACD2535C8780079BEC0 /* Resources */,
			);
			buildRules = (
			);
			dependencies = (
				4A9C1AD12535C8780079BEC0 /* PBXTargetDependency */,
			);
			name = CinemagicTests;
			productName = CinemagicTests;
			productReference = 4A9C1ACF2535C8780079BEC0 /* CinemagicTests.xctest */;
			productType = "com.apple.product-type.bundle.unit-test";
		};
		4A9C1AD92535C8780079BEC0 /* CinemagicUITests */ = {
			isa = PBXNativeTarget;
			buildConfigurationList = 4A9C1AE92535C8780079BEC0 /* Build configuration list for PBXNativeTarget "CinemagicUITests" */;
			buildPhases = (
				4A9C1AD62535C8780079BEC0 /* Sources */,
				4A9C1AD72535C8780079BEC0 /* Frameworks */,
				4A9C1AD82535C8780079BEC0 /* Resources */,
			);
			buildRules = (
			);
			dependencies = (
				4A9C1ADC2535C8780079BEC0 /* PBXTargetDependency */,
			);
			name = CinemagicUITests;
			productName = CinemagicUITests;
			productReference = 4A9C1ADA2535C8780079BEC0 /* CinemagicUITests.xctest */;
			productType = "com.apple.product-type.bundle.ui-testing";
		};
/* End PBXNativeTarget section */

/* Begin PBXProject section */
		4A9C1AB12535C8740079BEC0 /* Project object */ = {
			isa = PBXProject;
			attributes = {
				LastSwiftUpdateCheck = 1200;
				LastUpgradeCheck = 1200;
				TargetAttributes = {
					4A9C1AB82535C8740079BEC0 = {
						CreatedOnToolsVersion = 12.0.1;
					};
					4A9C1ACE2535C8780079BEC0 = {
						CreatedOnToolsVersion = 12.0.1;
						TestTargetID = 4A9C1AB82535C8740079BEC0;
					};
					4A9C1AD92535C8780079BEC0 = {
						CreatedOnToolsVersion = 12.0.1;
						TestTargetID = 4A9C1AB82535C8740079BEC0;
					};
				};
			};
			buildConfigurationList = 4A9C1AB42535C8740079BEC0 /* Build configuration list for PBXProject "Cinemagic" */;
			compatibilityVersion = "Xcode 9.3";
			developmentRegion = en;
			hasScannedForEncodings = 0;
			knownRegions = (
				en,
				Base,
			);
			mainGroup = 4A9C1AB02535C8740079BEC0;
			productRefGroup = 4A9C1ABA2535C8740079BEC0 /* Products */;
			projectDirPath = "";
			projectRoot = "";
			targets = (
				4A9C1AB82535C8740079BEC0 /* Cinemagic */,
				4A9C1ACE2535C8780079BEC0 /* CinemagicTests */,
				4A9C1AD92535C8780079BEC0 /* CinemagicUITests */,
			);
		};
/* End PBXProject section */

/* Begin PBXResourcesBuildPhase section */
		4A9C1AB72535C8740079BEC0 /* Resources */ = {
			isa = PBXResourcesBuildPhase;
			buildActionMask = 2147483647;
			files = (
				4A9C1AC92535C8780079BEC0 /* LaunchScreen.storyboard in Resources */,
				4A9C1AC62535C8780079BEC0 /* Assets.xcassets in Resources */,
				4A9C1AC42535C8750079BEC0 /* Main.storyboard in Resources */,
			);
			runOnlyForDeploymentPostprocessing = 0;
		};
		4A9C1ACD2535C8780079BEC0 /* Resources */ = {
			isa = PBXResourcesBuildPhase;
			buildActionMask = 2147483647;
			files = (
			);
			runOnlyForDeploymentPostprocessing = 0;
		};
		4A9C1AD82535C8780079BEC0 /* Resources */ = {
			isa = PBXResourcesBuildPhase;
			buildActionMask = 2147483647;
			files = (
			);
			runOnlyForDeploymentPostprocessing = 0;
		};
/* End PBXResourcesBuildPhase section */

/* Begin PBXSourcesBuildPhase section */
		4A9C1AB52535C8740079BEC0 /* Sources */ = {
			isa = PBXSourcesBuildPhase;
			buildActionMask = 2147483647;
			files = (
				4A9C1AC12535C8750079BEC0 /* ViewController.swift in Sources */,
				4A9C1ABD2535C8750079BEC0 /* AppDelegate.swift in Sources */,
				4A9C1ABF2535C8750079BEC0 /* SceneDelegate.swift in Sources */,
			);
			runOnlyForDeploymentPostprocessing = 0;
		};
		4A9C1ACB2535C8780079BEC0 /* Sources */ = {
			isa = PBXSourcesBuildPhase;
			buildActionMask = 2147483647;
			files = (
				4A9C1AD42535C8780079BEC0 /* CinemagicTests.swift in Sources */,
			);
			runOnlyForDeploymentPostprocessing = 0;
		};
		4A9C1AD62535C8780079BEC0 /* Sources */ = {
			isa = PBXSourcesBuildPhase;
			buildActionMask = 2147483647;
			files = (
				4A9C1ADF2535C8780079BEC0 /* CinemagicUITests.swift in Sources */,
			);
			runOnlyForDeploymentPostprocessing = 0;
		};
/* End PBXSourcesBuildPhase section */

/* Begin PBXTargetDependency section */
		4A9C1AD12535C8780079BEC0 /* PBXTargetDependency */ = {
			isa = PBXTargetDependency;
			target = 4A9C1AB82535C8740079BEC0 /* Cinemagic */;
			targetProxy = 4A9C1AD02535C8780079BEC0 /* PBXContainerItemProxy */;
		};
		4A9C1ADC2535C8780079BEC0 /* PBXTargetDependency */ = {
			isa = PBXTargetDependency;
			target = 4A9C1AB82535C8740079BEC0 /* Cinemagic */;
			targetProxy = 4A9C1ADB2535C8780079BEC0 /* PBXContainerItemProxy */;
		};
/* End PBXTargetDependency section */

/* Begin PBXVariantGroup section */
		4A9C1AC22535C8750079BEC0 /* Main.storyboard */ = {
			isa = PBXVariantGroup;
			children = (
				4A9C1AC32535C8750079BEC0 /* Base */,
			);
			name = Main.storyboard;
			sourceTree = "<group>";
		};
		4A9C1AC72535C8780079BEC0 /* LaunchScreen.storyboard */ = {
			isa = PBXVariantGroup;
			children = (
				4A9C1AC82535C8780079BEC0 /* Base */,
			);
			name = LaunchScreen.storyboard;
			sourceTree = "<group>";
		};
/* End PBXVariantGroup section */

/* Begin XCBuildConfiguration section */
		4A9C1AE12535C8780079BEC0 /* Debug */ = {
			isa = XCBuildConfiguration;
			buildSettings = {
				ALWAYS_SEARCH_USER_PATHS = NO;
				CLANG_ANALYZER_NONNULL = YES;
				CLANG_ANALYZER_NUMBER_OBJECT_CONVERSION = YES_AGGRESSIVE;
				CLANG_CXX_LANGUAGE_STANDARD = "gnu++14";
				CLANG_CXX_LIBRARY = "libc++";
				CLANG_ENABLE_MODULES = YES;
				CLANG_ENABLE_OBJC_ARC = YES;
				CLANG_ENABLE_OBJC_WEAK = YES;
				CLANG_WARN_BLOCK_CAPTURE_AUTORELEASING = YES;
				CLANG_WARN_BOOL_CONVERSION = YES;
				CLANG_WARN_COMMA = YES;
				CLANG_WARN_CONSTANT_CONVERSION = YES;
				CLANG_WARN_DEPRECATED_OBJC_IMPLEMENTATIONS = YES;
				CLANG_WARN_DIRECT_OBJC_ISA_USAGE = YES_ERROR;
				CLANG_WARN_DOCUMENTATION_COMMENTS = YES;
				CLANG_WARN_EMPTY_BODY = YES;
				CLANG_WARN_ENUM_CONVERSION = YES;
				CLANG_WARN_INFINITE_RECURSION = YES;
				CLANG_WARN_INT_CONVERSION = YES;
				CLANG_WARN_NON_LITERAL_NULL_CONVERSION = YES;
				CLANG_WARN_OBJC_IMPLICIT_RETAIN_SELF = YES;
				CLANG_WARN_OBJC_LITERAL_CONVERSION = YES;
				CLANG_WARN_OBJC_ROOT_CLASS = YES_ERROR;
				CLANG_WARN_QUOTED_INCLUDE_IN_FRAMEWORK_HEADER = YES;
				CLANG_WARN_RANGE_LOOP_ANALYSIS = YES;
				CLANG_WARN_STRICT_PROTOTYPES = YES;
				CLANG_WARN_SUSPICIOUS_MOVE = YES;
				CLANG_WARN_UNGUARDED_AVAILABILITY = YES_AGGRESSIVE;
				CLANG_WARN_UNREACHABLE_CODE = YES;
				CLANG_WARN__DUPLICATE_METHOD_MATCH = YES;
				COPY_PHASE_STRIP = NO;
				DEBUG_INFORMATION_FORMAT = dwarf;
				ENABLE_STRICT_OBJC_MSGSEND = YES;
				ENABLE_TESTABILITY = YES;
				GCC_C_LANGUAGE_STANDARD = gnu11;
				GCC_DYNAMIC_NO_PIC = NO;
				GCC_NO_COMMON_BLOCKS = YES;
				GCC_OPTIMIZATION_LEVEL = 0;
				GCC_PREPROCESSOR_DEFINITIONS = (
					"DEBUG=1",
					"$(inherited)",
				);
				GCC_WARN_64_TO_32_BIT_CONVERSION = YES;
				GCC_WARN_ABOUT_RETURN_TYPE = YES_ERROR;
				GCC_WARN_UNDECLARED_SELECTOR = YES;
				GCC_WARN_UNINITIALIZED_AUTOS = YES_AGGRESSIVE;
				GCC_WARN_UNUSED_FUNCTION = YES;
				GCC_WARN_UNUSED_VARIABLE = YES;
				IPHONEOS_DEPLOYMENT_TARGET = 14.0;
				MTL_ENABLE_DEBUG_INFO = INCLUDE_SOURCE;
				MTL_FAST_MATH = YES;
				ONLY_ACTIVE_ARCH = YES;
				SDKROOT = iphoneos;
				SWIFT_ACTIVE_COMPILATION_CONDITIONS = DEBUG;
				SWIFT_OPTIMIZATION_LEVEL = "-Onone";
			};
			name = Debug;
		};
		4A9C1AE22535C8780079BEC0 /* Release */ = {
			isa = XCBuildConfiguration;
			buildSettings = {
				ALWAYS_SEARCH_USER_PATHS = NO;
				CLANG_ANALYZER_NONNULL = YES;
				CLANG_ANALYZER_NUMBER_OBJECT_CONVERSION = YES_AGGRESSIVE;
				CLANG_CXX_LANGUAGE_STANDARD = "gnu++14";
				CLANG_CXX_LIBRARY = "libc++";
				CLANG_ENABLE_MODULES = YES;
				CLANG_ENABLE_OBJC_ARC = YES;
				CLANG_ENABLE_OBJC_WEAK = YES;
				CLANG_WARN_BLOCK_CAPTURE_AUTORELEASING = YES;
				CLANG_WARN_BOOL_CONVERSION = YES;
				CLANG_WARN_COMMA = YES;
				CLANG_WARN_CONSTANT_CONVERSION = YES;
				CLANG_WARN_DEPRECATED_OBJC_IMPLEMENTATIONS = YES;
				CLANG_WARN_DIRECT_OBJC_ISA_USAGE = YES_ERROR;
				CLANG_WARN_DOCUMENTATION_COMMENTS = YES;
				CLANG_WARN_EMPTY_BODY = YES;
				CLANG_WARN_ENUM_CONVERSION = YES;
				CLANG_WARN_INFINITE_RECURSION = YES;
				CLANG_WARN_INT_CONVERSION = YES;
				CLANG_WARN_NON_LITERAL_NULL_CONVERSION = YES;
				CLANG_WARN_OBJC_IMPLICIT_RETAIN_SELF = YES;
				CLANG_WARN_OBJC_LITERAL_CONVERSION = YES;
				CLANG_WARN_OBJC_ROOT_CLASS = YES_ERROR;
				CLANG_WARN_QUOTED_INCLUDE_IN_FRAMEWORK_HEADER = YES;
				CLANG_WARN_RANGE_LOOP_ANALYSIS = YES;
				CLANG_WARN_STRICT_PROTOTYPES = YES;
				CLANG_WARN_SUSPICIOUS_MOVE = YES;
				CLANG_WARN_UNGUARDED_AVAILABILITY = YES_AGGRESSIVE;
				CLANG_WARN_UNREACHABLE_CODE = YES;
				CLANG_WARN__DUPLICATE_METHOD_MATCH = YES;
				COPY_PHASE_STRIP = NO;
				DEBUG_INFORMATION_FORMAT = "dwarf-with-dsym";
				ENABLE_NS_ASSERTIONS = NO;
				ENABLE_STRICT_OBJC_MSGSEND = YES;
				GCC_C_LANGUAGE_STANDARD = gnu11;
				GCC_NO_COMMON_BLOCKS = YES;
				GCC_WARN_64_TO_32_BIT_CONVERSION = YES;
				GCC_WARN_ABOUT_RETURN_TYPE = YES_ERROR;
				GCC_WARN_UNDECLARED_SELECTOR = YES;
				GCC_WARN_UNINITIALIZED_AUTOS = YES_AGGRESSIVE;
				GCC_WARN_UNUSED_FUNCTION = YES;
				GCC_WARN_UNUSED_VARIABLE = YES;
				IPHONEOS_DEPLOYMENT_TARGET = 14.0;
				MTL_ENABLE_DEBUG_INFO = NO;
				MTL_FAST_MATH = YES;
				SDKROOT = iphoneos;
				SWIFT_COMPILATION_MODE = wholemodule;
				SWIFT_OPTIMIZATION_LEVEL = "-O";
				VALIDATE_PRODUCT = YES;
			};
			name = Release;
		};
		4A9C1AE42535C8780079BEC0 /* Debug */ = {
			isa = XCBuildConfiguration;
			buildSettings = {
				ASSETCATALOG_COMPILER_APPICON_NAME = AppIcon;
				ASSETCATALOG_COMPILER_GLOBAL_ACCENT_COLOR_NAME = AccentColor;
				CODE_SIGN_STYLE = Automatic;
				DEVELOPMENT_TEAM = E5DRTK6U2B;
				INFOPLIST_FILE = Cinemagic/Info.plist;
				LD_RUNPATH_SEARCH_PATHS = (
					"$(inherited)",
					"@executable_path/Frameworks",
				);
				PRODUCT_BUNDLE_IDENTIFIER = com.alihewiagh.Cinemagic;
				PRODUCT_NAME = "$(TARGET_NAME)";
				SWIFT_VERSION = 5.0;
				TARGETED_DEVICE_FAMILY = "1,2";
			};
			name = Debug;
		};
		4A9C1AE52535C8780079BEC0 /* Release */ = {
			isa = XCBuildConfiguration;
			buildSettings = {
				ASSETCATALOG_COMPILER_APPICON_NAME = AppIcon;
				ASSETCATALOG_COMPILER_GLOBAL_ACCENT_COLOR_NAME = AccentColor;
				CODE_SIGN_STYLE = Automatic;
				DEVELOPMENT_TEAM = E5DRTK6U2B;
				INFOPLIST_FILE = Cinemagic/Info.plist;
				LD_RUNPATH_SEARCH_PATHS = (
					"$(inherited)",
					"@executable_path/Frameworks",
				);
				PRODUCT_BUNDLE_IDENTIFIER = com.alihewiagh.Cinemagic;
				PRODUCT_NAME = "$(TARGET_NAME)";
				SWIFT_VERSION = 5.0;
				TARGETED_DEVICE_FAMILY = "1,2";
			};
			name = Release;
		};
		4A9C1AE72535C8780079BEC0 /* Debug */ = {
			isa = XCBuildConfiguration;
			buildSettings = {
				ALWAYS_EMBED_SWIFT_STANDARD_LIBRARIES = YES;
				BUNDLE_LOADER = "$(TEST_HOST)";
				CODE_SIGN_STYLE = Automatic;
				DEVELOPMENT_TEAM = E5DRTK6U2B;
				INFOPLIST_FILE = CinemagicTests/Info.plist;
				IPHONEOS_DEPLOYMENT_TARGET = 14.0;
				LD_RUNPATH_SEARCH_PATHS = (
					"$(inherited)",
					"@executable_path/Frameworks",
					"@loader_path/Frameworks",
				);
				PRODUCT_BUNDLE_IDENTIFIER = com.alihewiagh.CinemagicTests;
				PRODUCT_NAME = "$(TARGET_NAME)";
				SWIFT_VERSION = 5.0;
				TARGETED_DEVICE_FAMILY = "1,2";
				TEST_HOST = "$(BUILT_PRODUCTS_DIR)/Cinemagic.app/Cinemagic";
			};
			name = Debug;
		};
		4A9C1AE82535C8780079BEC0 /* Release */ = {
			isa = XCBuildConfiguration;
			buildSettings = {
				ALWAYS_EMBED_SWIFT_STANDARD_LIBRARIES = YES;
				BUNDLE_LOADER = "$(TEST_HOST)";
				CODE_SIGN_STYLE = Automatic;
				DEVELOPMENT_TEAM = E5DRTK6U2B;
				INFOPLIST_FILE = CinemagicTests/Info.plist;
				IPHONEOS_DEPLOYMENT_TARGET = 14.0;
				LD_RUNPATH_SEARCH_PATHS = (
					"$(inherited)",
					"@executable_path/Frameworks",
					"@loader_path/Frameworks",
				);
				PRODUCT_BUNDLE_IDENTIFIER = com.alihewiagh.CinemagicTests;
				PRODUCT_NAME = "$(TARGET_NAME)";
				SWIFT_VERSION = 5.0;
				TARGETED_DEVICE_FAMILY = "1,2";
				TEST_HOST = "$(BUILT_PRODUCTS_DIR)/Cinemagic.app/Cinemagic";
			};
			name = Release;
		};
		4A9C1AEA2535C8780079BEC0 /* Debug */ = {
			isa = XCBuildConfiguration;
			buildSettings = {
				ALWAYS_EMBED_SWIFT_STANDARD_LIBRARIES = YES;
				CODE_SIGN_STYLE = Automatic;
				DEVELOPMENT_TEAM = E5DRTK6U2B;
				INFOPLIST_FILE = CinemagicUITests/Info.plist;
				LD_RUNPATH_SEARCH_PATHS = (
					"$(inherited)",
					"@executable_path/Frameworks",
					"@loader_path/Frameworks",
				);
				PRODUCT_BUNDLE_IDENTIFIER = com.alihewiagh.CinemagicUITests;
				PRODUCT_NAME = "$(TARGET_NAME)";
				SWIFT_VERSION = 5.0;
				TARGETED_DEVICE_FAMILY = "1,2";
				TEST_TARGET_NAME = Cinemagic;
			};
			name = Debug;
		};
		4A9C1AEB2535C8780079BEC0 /* Release */ = {
			isa = XCBuildConfiguration;
			buildSettings = {
				ALWAYS_EMBED_SWIFT_STANDARD_LIBRARIES = YES;
				CODE_SIGN_STYLE = Automatic;
				DEVELOPMENT_TEAM = E5DRTK6U2B;
				INFOPLIST_FILE = CinemagicUITests/Info.plist;
				LD_RUNPATH_SEARCH_PATHS = (
					"$(inherited)",
					"@executable_path/Frameworks",
					"@loader_path/Frameworks",
				);
				PRODUCT_BUNDLE_IDENTIFIER = com.alihewiagh.CinemagicUITests;
				PRODUCT_NAME = "$(TARGET_NAME)";
				SWIFT_VERSION = 5.0;
				TARGETED_DEVICE_FAMILY = "1,2";
				TEST_TARGET_NAME = Cinemagic;
			};
			name = Release;
		};
/* End XCBuildConfiguration section */

/* Begin XCConfigurationList section */
		4A9C1AB42535C8740079BEC0 /* Build configuration list for PBXProject "Cinemagic" */ = {
			isa = XCConfigurationList;
			buildConfigurations = (
				4A9C1AE12535C8780079BEC0 /* Debug */,
				4A9C1AE22535C8780079BEC0 /* Release */,
			);
			defaultConfigurationIsVisible = 0;
			defaultConfigurationName = Release;
		};
		4A9C1AE32535C8780079BEC0 /* Build configuration list for PBXNativeTarget "Cinemagic" */ = {
			isa = XCConfigurationList;
			buildConfigurations = (
				4A9C1AE42535C8780079BEC0 /* Debug */,
				4A9C1AE52535C8780079BEC0 /* Release */,
			);
			defaultConfigurationIsVisible = 0;
			defaultConfigurationName = Release;
		};
		4A9C1AE62535C8780079BEC0 /* Build configuration list for PBXNativeTarget "CinemagicTests" */ = {
			isa = XCConfigurationList;
			buildConfigurations = (
				4A9C1AE72535C8780079BEC0 /* Debug */,
				4A9C1AE82535C8780079BEC0 /* Release */,
			);
			defaultConfigurationIsVisible = 0;
			defaultConfigurationName = Release;
		};
		4A9C1AE92535C8780079BEC0 /* Build configuration list for PBXNativeTarget "CinemagicUITests" */ = {
			isa = XCConfigurationList;
			buildConfigurations = (
				4A9C1AEA2535C8780079BEC0 /* Debug */,
				4A9C1AEB2535C8780079BEC0 /* Release */,
			);
			defaultConfigurationIsVisible = 0;
			defaultConfigurationName = Release;
		};
/* End XCConfigurationList section */
	};
	rootObject = 4A9C1AB12535C8740079BEC0 /* Project object */;
}
